// !$*UTF8*$!
{
	archiveVersion = 1;
	classes = {
	};
	objectVersion = 46;
	objects = {

/* Begin PBXBuildFile section */
		BB0747AC1D18E0F200EBC5BE /* dragon.scene in CopyFiles */ = {isa = PBXBuildFile; fileRef = BB0747AB1D18E0EB00EBC5BE /* dragon.scene */; };
		BB0747AE1D19DC9600EBC5BE /* specular-table.scene in CopyFiles */ = {isa = PBXBuildFile; fileRef = BB0747AD1D19D64000EBC5BE /* specular-table.scene */; };
		BB183B8F1D18C9C20099EA8A /* raytrace.c in Sources */ = {isa = PBXBuildFile; fileRef = BB183B881D18C9C20099EA8A /* raytrace.c */; };
		BB183B901D18C9C20099EA8A /* scene_parser.c in Sources */ = {isa = PBXBuildFile; fileRef = BB183B891D18C9C20099EA8A /* scene_parser.c */; };
		BB183B941D18C9F30099EA8A /* RaytracePreviewView.m in Sources */ = {isa = PBXBuildFile; fileRef = BB183B931D18C9F30099EA8A /* RaytracePreviewView.m */; };
		BB4943B91D1C7EA900A6607B /* spheres.scene in CopyFiles */ = {isa = PBXBuildFile; fileRef = BB4943B81D1C7E9800A6607B /* spheres.scene */; };
		BB4943BB1D1C817B00A6607B /* everything.scene in CopyFiles */ = {isa = PBXBuildFile; fileRef = BB4943BA1D1C814B00A6607B /* everything.scene */; };
		BB537A6E1D160D6600E52086 /* ambient-table.scene in CopyFiles */ = {isa = PBXBuildFile; fileRef = BB537A6D1D160D6200E52086 /* ambient-table.scene */; };
		BB537A701D1616E000E52086 /* diffuse-table.scene in CopyFiles */ = {isa = PBXBuildFile; fileRef = BB537A6F1D1616D400E52086 /* diffuse-table.scene */; };
		BB537A721D178C3C00E52086 /* shadowtest.scene in CopyFiles */ = {isa = PBXBuildFile; fileRef = BB537A711D178AFA00E52086 /* shadowtest.scene */; };
		BB7627301D10E04400B7679F /* sphere.scene in CopyFiles */ = {isa = PBXBuildFile; fileRef = BB76272F1D10D92F00B7679F /* sphere.scene */; };
		BB802D831D08E9E80071BBB2 /* main.m in Sources */ = {isa = PBXBuildFile; fileRef = BB802D821D08E9E80071BBB2 /* main.m */; };
		BBF06C921D14CCAF007A496B /* die.scene in CopyFiles */ = {isa = PBXBuildFile; fileRef = BBF06C911D14C421007A496B /* die.scene */; };
		BBF06C931D14CCAF007A496B /* table.scene in CopyFiles */ = {isa = PBXBuildFile; fileRef = BBF06C901D14C3FF007A496B /* table.scene */; };
/* End PBXBuildFile section */

/* Begin PBXCopyFilesBuildPhase section */
		BB802D7D1D08E9E80071BBB2 /* CopyFiles */ = {
			isa = PBXCopyFilesBuildPhase;
			buildActionMask = 12;
			dstPath = "";
			dstSubfolderSpec = 16;
			files = (
				BB4943BB1D1C817B00A6607B /* everything.scene in CopyFiles */,
				BB4943B91D1C7EA900A6607B /* spheres.scene in CopyFiles */,
				BB0747AE1D19DC9600EBC5BE /* specular-table.scene in CopyFiles */,
				BB0747AC1D18E0F200EBC5BE /* dragon.scene in CopyFiles */,
				BB537A721D178C3C00E52086 /* shadowtest.scene in CopyFiles */,
				BB537A701D1616E000E52086 /* diffuse-table.scene in CopyFiles */,
				BB537A6E1D160D6600E52086 /* ambient-table.scene in CopyFiles */,
				BBF06C921D14CCAF007A496B /* die.scene in CopyFiles */,
				BBF06C931D14CCAF007A496B /* table.scene in CopyFiles */,
				BB7627301D10E04400B7679F /* sphere.scene in CopyFiles */,
			);
			runOnlyForDeploymentPostprocessing = 0;
		};
/* End PBXCopyFilesBuildPhase section */

/* Begin PBXFileReference section */
		BB0747AB1D18E0EB00EBC5BE /* dragon.scene */ = {isa = PBXFileReference; fileEncoding = 4; lastKnownFileType = text; path = dragon.scene; sourceTree = "<group>"; };
		BB0747AD1D19D64000EBC5BE /* specular-table.scene */ = {isa = PBXFileReference; lastKnownFileType = text; path = "specular-table.scene"; sourceTree = "<group>"; };
		BB183B871D18C9C20099EA8A /* mat.h */ = {isa = PBXFileReference; fileEncoding = 4; lastKnownFileType = sourcecode.c.h; path = mat.h; sourceTree = "<group>"; };
		BB183B881D18C9C20099EA8A /* raytrace.c */ = {isa = PBXFileReference; fileEncoding = 4; lastKnownFileType = sourcecode.c.c; path = raytrace.c; sourceTree = "<group>"; };
		BB183B891D18C9C20099EA8A /* scene_parser.c */ = {isa = PBXFileReference; fileEncoding = 4; lastKnownFileType = sourcecode.c.c; path = scene_parser.c; sourceTree = "<group>"; };
		BB183B8A1D18C9C20099EA8A /* vec.h */ = {isa = PBXFileReference; fileEncoding = 4; lastKnownFileType = sourcecode.c.h; path = vec.h; sourceTree = "<group>"; };
		BB183B8B1D18C9C20099EA8A /* raytrace.h */ = {isa = PBXFileReference; fileEncoding = 4; lastKnownFileType = sourcecode.c.h; path = raytrace.h; sourceTree = "<group>"; };
		BB183B8C1D18C9C20099EA8A /* transform.h */ = {isa = PBXFileReference; fileEncoding = 4; lastKnownFileType = sourcecode.c.h; path = transform.h; sourceTree = "<group>"; };
		BB183B8D1D18C9C20099EA8A /* vec_util.h */ = {isa = PBXFileReference; fileEncoding = 4; lastKnownFileType = sourcecode.c.h; path = vec_util.h; sourceTree = "<group>"; };
		BB183B8E1D18C9C20099EA8A /* scene_parser.h */ = {isa = PBXFileReference; fileEncoding = 4; lastKnownFileType = sourcecode.c.h; path = scene_parser.h; sourceTree = "<group>"; };
		BB183B921D18C9F30099EA8A /* RaytracePreviewView.h */ = {isa = PBXFileReference; fileEncoding = 4; lastKnownFileType = sourcecode.c.h; path = RaytracePreviewView.h; sourceTree = "<group>"; };
		BB183B931D18C9F30099EA8A /* RaytracePreviewView.m */ = {isa = PBXFileReference; fileEncoding = 4; lastKnownFileType = sourcecode.c.objc; path = RaytracePreviewView.m; sourceTree = "<group>"; };
		BB4943B81D1C7E9800A6607B /* spheres.scene */ = {isa = PBXFileReference; lastKnownFileType = text; path = spheres.scene; sourceTree = "<group>"; };
		BB4943BA1D1C814B00A6607B /* everything.scene */ = {isa = PBXFileReference; lastKnownFileType = text; path = everything.scene; sourceTree = "<group>"; };
		BB537A6D1D160D6200E52086 /* ambient-table.scene */ = {isa = PBXFileReference; lastKnownFileType = text; path = "ambient-table.scene"; sourceTree = "<group>"; };
		BB537A6F1D1616D400E52086 /* diffuse-table.scene */ = {isa = PBXFileReference; lastKnownFileType = text; path = "diffuse-table.scene"; sourceTree = "<group>"; };
		BB537A711D178AFA00E52086 /* shadowtest.scene */ = {isa = PBXFileReference; fileEncoding = 4; lastKnownFileType = text; path = shadowtest.scene; sourceTree = "<group>"; };
		BB76272F1D10D92F00B7679F /* sphere.scene */ = {isa = PBXFileReference; fileEncoding = 4; lastKnownFileType = text; path = sphere.scene; sourceTree = "<group>"; };
		BB802D7F1D08E9E80071BBB2 /* raytracer */ = {isa = PBXFileReference; explicitFileType = "compiled.mach-o.executable"; includeInIndex = 0; path = raytracer; sourceTree = BUILT_PRODUCTS_DIR; };
		BB802D821D08E9E80071BBB2 /* main.m */ = {isa = PBXFileReference; lastKnownFileType = sourcecode.c.objc; path = main.m; sourceTree = "<group>"; };
		BBF06C901D14C3FF007A496B /* table.scene */ = {isa = PBXFileReference; lastKnownFileType = text; path = table.scene; sourceTree = "<group>"; };
		BBF06C911D14C421007A496B /* die.scene */ = {isa = PBXFileReference; lastKnownFileType = text; path = die.scene; sourceTree = "<group>"; };
/* End PBXFileReference section */

/* Begin PBXFrameworksBuildPhase section */
		BB802D7C1D08E9E80071BBB2 /* Frameworks */ = {
			isa = PBXFrameworksBuildPhase;
			buildActionMask = 2147483647;
			files = (
			);
			runOnlyForDeploymentPostprocessing = 0;
		};
/* End PBXFrameworksBuildPhase section */

/* Begin PBXGroup section */
		BB183B911D18C9C90099EA8A /* math */ = {
			isa = PBXGroup;
			children = (
				BB183B871D18C9C20099EA8A /* mat.h */,
				BB183B8A1D18C9C20099EA8A /* vec.h */,
				BB183B8C1D18C9C20099EA8A /* transform.h */,
				BB183B8D1D18C9C20099EA8A /* vec_util.h */,
			);
			name = math;
			sourceTree = "<group>";
		};
		BB802D761D08E9E80071BBB2 = {
			isa = PBXGroup;
			children = (
				BB802D811D08E9E80071BBB2 /* raytracer */,
				BB802D801D08E9E80071BBB2 /* Products */,
			);
			sourceTree = "<group>";
		};
		BB802D801D08E9E80071BBB2 /* Products */ = {
			isa = PBXGroup;
			children = (
				BB802D7F1D08E9E80071BBB2 /* raytracer */,
			);
			name = Products;
			sourceTree = "<group>";
		};
		BB802D811D08E9E80071BBB2 /* raytracer */ = {
			isa = PBXGroup;
			children = (
				BB802D821D08E9E80071BBB2 /* main.m */,
				BB183B921D18C9F30099EA8A /* RaytracePreviewView.h */,
				BB183B931D18C9F30099EA8A /* RaytracePreviewView.m */,
				BB183B881D18C9C20099EA8A /* raytrace.c */,
				BB183B8B1D18C9C20099EA8A /* raytrace.h */,
				BB183B911D18C9C90099EA8A /* math */,
				BB183B891D18C9C20099EA8A /* scene_parser.c */,
				BB183B8E1D18C9C20099EA8A /* scene_parser.h */,
				BBFF91901D0E32D800F2C45A /* scene files */,
			);
			path = raytracer;
			sourceTree = "<group>";
		};
		BBFF91901D0E32D800F2C45A /* scene files */ = {
			isa = PBXGroup;
			children = (
				BB4943BA1D1C814B00A6607B /* everything.scene */,
				BB4943B81D1C7E9800A6607B /* spheres.scene */,
				BB0747AB1D18E0EB00EBC5BE /* dragon.scene */,
				BBF06C911D14C421007A496B /* die.scene */,
				BB76272F1D10D92F00B7679F /* sphere.scene */,
				BB537A711D178AFA00E52086 /* shadowtest.scene */,
				BBF06C901D14C3FF007A496B /* table.scene */,
				BB537A6D1D160D6200E52086 /* ambient-table.scene */,
				BB537A6F1D1616D400E52086 /* diffuse-table.scene */,
				BB0747AD1D19D64000EBC5BE /* specular-table.scene */,
			);
			name = "scene files";
			sourceTree = "<group>";
		};
/* End PBXGroup section */

/* Begin PBXNativeTarget section */
		BB802D7E1D08E9E80071BBB2 /* raytracer */ = {
			isa = PBXNativeTarget;
			buildConfigurationList = BB802D861D08E9E80071BBB2 /* Build configuration list for PBXNativeTarget "raytracer" */;
			buildPhases = (
				BB802D7B1D08E9E80071BBB2 /* Sources */,
				BB802D7C1D08E9E80071BBB2 /* Frameworks */,
				BB802D7D1D08E9E80071BBB2 /* CopyFiles */,
			);
			buildRules = (
			);
			dependencies = (
			);
			name = raytracer;
			productName = raytracer;
			productReference = BB802D7F1D08E9E80071BBB2 /* raytracer */;
			productType = "com.apple.product-type.tool";
		};
/* End PBXNativeTarget section */

/* Begin PBXProject section */
		BB802D771D08E9E80071BBB2 /* Project object */ = {
			isa = PBXProject;
			attributes = {
				LastUpgradeCheck = 0730;
				ORGANIZATIONNAME = "Theodore Dubois";
				TargetAttributes = {
					BB802D7E1D08E9E80071BBB2 = {
						CreatedOnToolsVersion = 7.3;
					};
				};
			};
			buildConfigurationList = BB802D7A1D08E9E80071BBB2 /* Build configuration list for PBXProject "raytracer" */;
			compatibilityVersion = "Xcode 3.2";
			developmentRegion = English;
			hasScannedForEncodings = 0;
			knownRegions = (
				en,
			);
			mainGroup = BB802D761D08E9E80071BBB2;
			productRefGroup = BB802D801D08E9E80071BBB2 /* Products */;
			projectDirPath = "";
			projectRoot = "";
			targets = (
				BB802D7E1D08E9E80071BBB2 /* raytracer */,
			);
		};
/* End PBXProject section */

/* Begin PBXSourcesBuildPhase section */
		BB802D7B1D08E9E80071BBB2 /* Sources */ = {
			isa = PBXSourcesBuildPhase;
			buildActionMask = 2147483647;
			files = (
				BB183B941D18C9F30099EA8A /* RaytracePreviewView.m in Sources */,
				BB183B8F1D18C9C20099EA8A /* raytrace.c in Sources */,
				BB183B901D18C9C20099EA8A /* scene_parser.c in Sources */,
				BB802D831D08E9E80071BBB2 /* main.m in Sources */,
			);
			runOnlyForDeploymentPostprocessing = 0;
		};
/* End PBXSourcesBuildPhase section */

/* Begin XCBuildConfiguration section */
		BB802D841D08E9E80071BBB2 /* Debug */ = {
			isa = XCBuildConfiguration;
			buildSettings = {
				ALWAYS_SEARCH_USER_PATHS = NO;
				CLANG_ANALYZER_NONNULL = YES;
				CLANG_CXX_LANGUAGE_STANDARD = "gnu++0x";
				CLANG_CXX_LIBRARY = "libc++";
				CLANG_ENABLE_MODULES = YES;
				CLANG_ENABLE_OBJC_ARC = YES;
				CLANG_WARN_BOOL_CONVERSION = YES;
				CLANG_WARN_CONSTANT_CONVERSION = YES;
				CLANG_WARN_DIRECT_OBJC_ISA_USAGE = YES_ERROR;
				CLANG_WARN_EMPTY_BODY = YES;
				CLANG_WARN_ENUM_CONVERSION = YES;
				CLANG_WARN_INT_CONVERSION = YES;
				CLANG_WARN_OBJC_ROOT_CLASS = YES_ERROR;
				CLANG_WARN_UNREACHABLE_CODE = YES;
				CLANG_WARN__DUPLICATE_METHOD_MATCH = YES;
				CODE_SIGN_IDENTITY = "-";
				COPY_PHASE_STRIP = NO;
				DEBUG_INFORMATION_FORMAT = dwarf;
				ENABLE_STRICT_OBJC_MSGSEND = YES;
				ENABLE_TESTABILITY = YES;
				GCC_C_LANGUAGE_STANDARD = gnu99;
				GCC_DYNAMIC_NO_PIC = NO;
				GCC_NO_COMMON_BLOCKS = YES;
				GCC_OPTIMIZATION_LEVEL = 0;
				GCC_PREPROCESSOR_DEFINITIONS = (
					"DEBUG=1",
					"$(inherited)",
				);
				GCC_WARN_64_TO_32_BIT_CONVERSION = YES;
				GCC_WARN_ABOUT_RETURN_TYPE = YES_ERROR;
				GCC_WARN_UNDECLARED_SELECTOR = YES;
				GCC_WARN_UNINITIALIZED_AUTOS = YES_AGGRESSIVE;
				GCC_WARN_UNUSED_FUNCTION = YES;
				GCC_WARN_UNUSED_VARIABLE = YES;
				MACOSX_DEPLOYMENT_TARGET = 10.11;
				MTL_ENABLE_DEBUG_INFO = YES;
				ONLY_ACTIVE_ARCH = YES;
				SDKROOT = macosx;
			};
			name = Debug;
		};
		BB802D851D08E9E80071BBB2 /* Release */ = {
			isa = XCBuildConfiguration;
			buildSettings = {
				ALWAYS_SEARCH_USER_PATHS = NO;
				CLANG_ANALYZER_NONNULL = YES;
				CLANG_CXX_LANGUAGE_STANDARD = "gnu++0x";
				CLANG_CXX_LIBRARY = "libc++";
				CLANG_ENABLE_MODULES = YES;
				CLANG_ENABLE_OBJC_ARC = YES;
				CLANG_WARN_BOOL_CONVERSION = YES;
				CLANG_WARN_CONSTANT_CONVERSION = YES;
				CLANG_WARN_DIRECT_OBJC_ISA_USAGE = YES_ERROR;
				CLANG_WARN_EMPTY_BODY = YES;
				CLANG_WARN_ENUM_CONVERSION = YES;
				CLANG_WARN_INT_CONVERSION = YES;
				CLANG_WARN_OBJC_ROOT_CLASS = YES_ERROR;
				CLANG_WARN_UNREACHABLE_CODE = YES;
				CLANG_WARN__DUPLICATE_METHOD_MATCH = YES;
				CODE_SIGN_IDENTITY = "-";
				COPY_PHASE_STRIP = NO;
				DEBUG_INFORMATION_FORMAT = "dwarf-with-dsym";
				ENABLE_NS_ASSERTIONS = NO;
				ENABLE_STRICT_OBJC_MSGSEND = YES;
				GCC_C_LANGUAGE_STANDARD = gnu99;
				GCC_NO_COMMON_BLOCKS = YES;
				GCC_WARN_64_TO_32_BIT_CONVERSION = YES;
				GCC_WARN_ABOUT_RETURN_TYPE = YES_ERROR;
				GCC_WARN_UNDECLARED_SELECTOR = YES;
				GCC_WARN_UNINITIALIZED_AUTOS = YES_AGGRESSIVE;
				GCC_WARN_UNUSED_FUNCTION = YES;
				GCC_WARN_UNUSED_VARIABLE = YES;
				MACOSX_DEPLOYMENT_TARGET = 10.11;
				MTL_ENABLE_DEBUG_INFO = NO;
				SDKROOT = macosx;
			};
			name = Release;
		};
		BB802D871D08E9E80071BBB2 /* Debug */ = {
			isa = XCBuildConfiguration;
			buildSettings = {
				PRODUCT_NAME = "$(TARGET_NAME)";
			};
			name = Debug;
		};
		BB802D881D08E9E80071BBB2 /* Release */ = {
			isa = XCBuildConfiguration;
			buildSettings = {
				PRODUCT_NAME = "$(TARGET_NAME)";
			};
			name = Release;
		};
/* End XCBuildConfiguration section */

/* Begin XCConfigurationList section */
		BB802D7A1D08E9E80071BBB2 /* Build configuration list for PBXProject "raytracer" */ = {
			isa = XCConfigurationList;
			buildConfigurations = (
				BB802D841D08E9E80071BBB2 /* Debug */,
				BB802D851D08E9E80071BBB2 /* Release */,
			);
			defaultConfigurationIsVisible = 0;
			defaultConfigurationName = Release;
		};
		BB802D861D08E9E80071BBB2 /* Build configuration list for PBXNativeTarget "raytracer" */ = {
			isa = XCConfigurationList;
			buildConfigurations = (
				BB802D871D08E9E80071BBB2 /* Debug */,
				BB802D881D08E9E80071BBB2 /* Release */,
			);
			defaultConfigurationIsVisible = 0;
			defaultConfigurationName = Release;
		};
/* End XCConfigurationList section */
	};
	rootObject = BB802D771D08E9E80071BBB2 /* Project object */;
}
